
Microsoft Visual Studio Solution File, Format Version 12.00
# Visual Studio 2012
Project("{FAE04EC0-301F-11D3-BF4B-00C04F79EFBC}") = "ExampleClient", "ExampleClient.csproj", "{45AB7E24-AFDA-4188-B05F-6EF0E12D1622}"
EndProject
Project("{FAE04EC0-301F-11D3-BF4B-00C04F79EFBC}") = "ClientKit", "..\ClientKit\ClientKit\ClientKit.csproj", "{9AB9F53D-1F42-4045-8DFC-9D389D44BB35}"
EndProject
Global
	GlobalSection(SolutionConfigurationPlatforms) = preSolution
		Debug|x86 = Debug|x86
		Release|x86 = Release|x86
	EndGlobalSection
	GlobalSection(ProjectConfigurationPlatforms) = postSolution
		{45AB7E24-AFDA-4188-B05F-6EF0E12D1622}.Debug|x86.ActiveCfg = Debug|x86
		{45AB7E24-AFDA-4188-B05F-6EF0E12D1622}.Debug|x86.Build.0 = Debug|x86
		{45AB7E24-AFDA-4188-B05F-6EF0E12D1622}.Release|x86.ActiveCfg = Release|x86
		{45AB7E24-AFDA-4188-B05F-6EF0E12D1622}.Release|x86.Build.0 = Release|x86
		{9AB9F53D-1F42-4045-8DFC-9D389D44BB35}.Debug|x86.ActiveCfg = Debug|Any CPU
		{9AB9F53D-1F42-4045-8DFC-9D389D44BB35}.Debug|x86.Build.0 = Debug|Any CPU
		{9AB9F53D-1F42-4045-8DFC-9D389D44BB35}.Release|x86.ActiveCfg = Release|Any CPU
		{9AB9F53D-1F42-4045-8DFC-9D389D44BB35}.Release|x86.Build.0 = Release|Any CPU
	EndGlobalSection
	GlobalSection(MonoDevelopProperties) = preSolution
		StartupItem = ExampleClient.csproj
	EndGlobalSection
EndGlobal
